
Microsoft Visual Studio Solution File, Format Version 12.00
# Visual Studio 14
VisualStudioVersion = 14.0.25420.1
MinimumVisualStudioVersion = 10.0.40219.1
Project("{FAE04EC0-301F-11D3-BF4B-00C04F79EFBC}") = "Simulator", "Simulator\Simulator.csproj", "{8F7D7866-8721-47B9-8DF3-A583443F7931}"
EndProject
Project("{2150E333-8FDC-42A3-9474-1A3956D46DE8}") = "Solution Items", "Solution Items", "{B8D97B0D-B01F-4DE6-B704-7A17FC4ECC1C}"
	ProjectSection(SolutionItems) = preProject
		Solution Items\IoTDevices.sql = Solution Items\IoTDevices.sql
		Solution Items\IoTEvents.sql = Solution Items\IoTEvents.sql
		Solution Items\StreamAnalytics.sql = Solution Items\StreamAnalytics.sql
	EndProjectSection
EndProject
Project("{FAE04EC0-301F-11D3-BF4B-00C04F79EFBC}") = "JobServiceBusProcessor", "JobServiceBusProcessor\JobServiceBusProcessor.csproj", "{F9D1F241-751F-4244-897F-D8BBBDEB93A7}"
EndProject
Project("{FAE04EC0-301F-11D3-BF4B-00C04F79EFBC}") = "AppNotification", "AppNotification\AppNotification.csproj", "{2F3C1A5B-6BDD-47F5-99E2-2E68AC77AD31}"
EndProject
Project("{FAE04EC0-301F-11D3-BF4B-00C04F79EFBC}") = "IoTGateway", "IoTGateway\IoTGateway.csproj", "{3B883B16-77BB-4E77-8D41-68A68966B134}"
EndProject
Global
	GlobalSection(SolutionConfigurationPlatforms) = preSolution
		Debug|Any CPU = Debug|Any CPU
		Release|Any CPU = Release|Any CPU
	EndGlobalSection
	GlobalSection(ProjectConfigurationPlatforms) = postSolution
		{8F7D7866-8721-47B9-8DF3-A583443F7931}.Debug|Any CPU.ActiveCfg = Debug|Any CPU
		{8F7D7866-8721-47B9-8DF3-A583443F7931}.Debug|Any CPU.Build.0 = Debug|Any CPU
		{8F7D7866-8721-47B9-8DF3-A583443F7931}.Release|Any CPU.ActiveCfg = Release|Any CPU
		{8F7D7866-8721-47B9-8DF3-A583443F7931}.Release|Any CPU.Build.0 = Release|Any CPU
		{F9D1F241-751F-4244-897F-D8BBBDEB93A7}.Debug|Any CPU.ActiveCfg = Debug|Any CPU
		{F9D1F241-751F-4244-897F-D8BBBDEB93A7}.Debug|Any CPU.Build.0 = Debug|Any CPU
		{F9D1F241-751F-4244-897F-D8BBBDEB93A7}.Release|Any CPU.ActiveCfg = Release|Any CPU
		{F9D1F241-751F-4244-897F-D8BBBDEB93A7}.Release|Any CPU.Build.0 = Release|Any CPU
		{2F3C1A5B-6BDD-47F5-99E2-2E68AC77AD31}.Debug|Any CPU.ActiveCfg = Debug|Any CPU
		{2F3C1A5B-6BDD-47F5-99E2-2E68AC77AD31}.Debug|Any CPU.Build.0 = Debug|Any CPU
		{2F3C1A5B-6BDD-47F5-99E2-2E68AC77AD31}.Debug|Any CPU.Deploy.0 = Debug|Any CPU
		{2F3C1A5B-6BDD-47F5-99E2-2E68AC77AD31}.Release|Any CPU.ActiveCfg = Release|Any CPU
		{2F3C1A5B-6BDD-47F5-99E2-2E68AC77AD31}.Release|Any CPU.Build.0 = Release|Any CPU
		{2F3C1A5B-6BDD-47F5-99E2-2E68AC77AD31}.Release|Any CPU.Deploy.0 = Release|Any CPU
		{3B883B16-77BB-4E77-8D41-68A68966B134}.Debug|Any CPU.ActiveCfg = Debug|Any CPU
		{3B883B16-77BB-4E77-8D41-68A68966B134}.Debug|Any CPU.Build.0 = Debug|Any CPU
		{3B883B16-77BB-4E77-8D41-68A68966B134}.Release|Any CPU.ActiveCfg = Release|Any CPU
		{3B883B16-77BB-4E77-8D41-68A68966B134}.Release|Any CPU.Build.0 = Release|Any CPU
	EndGlobalSection
	GlobalSection(SolutionProperties) = preSolution
		HideSolutionNode = FALSE
	EndGlobalSection
	GlobalSection(ExtensibilityGlobals) = postSolution
		EnterpriseLibraryConfigurationToolBinariesPathV6 = packages\EnterpriseLibrary.TransientFaultHandling.6.0.1304.0\lib\portable-net45+win+wp8
	EndGlobalSection
EndGlobal
